
Microsoft Visual Studio Solution File, Format Version 12.00
# Visual Studio Version 18
VisualStudioVersion = 18.0.11222.15
MinimumVisualStudioVersion = 10.0.40219.1
Project("{FAE04EC0-301F-11D3-BF4B-00C04F79EFBC}") = "Mams_App", "Mams_App\Mams_App.csproj", "{C0F3D8FA-FD72-46DC-9341-929DC76E0325}"
EndProject
Project("{FAE04EC0-301F-11D3-BF4B-00C04F79EFBC}") = "Mams_Test", "Mams_Test\Mams_Test.csproj", "{40A55D47-0C35-4585-87DF-3027C1932DB0}"
EndProject
Project("{C7167F0D-BC9F-4E6E-AFE1-012C56B48DB5}") = "Mams_Installer", "Mams_Installer\Mams_Installer.wapproj", "{2FF51643-60D1-4EC3-8D3E-E45BECA12FF0}"
EndProject
Project("{2150E333-8FDC-42A3-9474-1A3956D46DE8}") = "Mams_App_Release", "Mams_App_Release", "{7FA2A2E0-B4DA-46CE-A007-8D7A046A9614}"
EndProject
Global
	GlobalSection(SolutionConfigurationPlatforms) = preSolution
		Debug|Any CPU = Debug|Any CPU
		Debug|ARM = Debug|ARM
		Debug|ARM64 = Debug|ARM64
		Debug|x64 = Debug|x64
		Debug|x86 = Debug|x86
		Release|Any CPU = Release|Any CPU
		Release|ARM = Release|ARM
		Release|ARM64 = Release|ARM64
		Release|x64 = Release|x64
		Release|x86 = Release|x86
	EndGlobalSection
	GlobalSection(ProjectConfigurationPlatforms) = postSolution
		{C0F3D8FA-FD72-46DC-9341-929DC76E0325}.Debug|Any CPU.ActiveCfg = Debug|Any CPU
		{C0F3D8FA-FD72-46DC-9341-929DC76E0325}.Debug|Any CPU.Build.0 = Debug|Any CPU
		{C0F3D8FA-FD72-46DC-9341-929DC76E0325}.Debug|ARM.ActiveCfg = Debug|Any CPU
		{C0F3D8FA-FD72-46DC-9341-929DC76E0325}.Debug|ARM.Build.0 = Debug|Any CPU
		{C0F3D8FA-FD72-46DC-9341-929DC76E0325}.Debug|ARM64.ActiveCfg = Debug|Any CPU
		{C0F3D8FA-FD72-46DC-9341-929DC76E0325}.Debug|ARM64.Build.0 = Debug|Any CPU
		{C0F3D8FA-FD72-46DC-9341-929DC76E0325}.Debug|x64.ActiveCfg = Debug|Any CPU
		{C0F3D8FA-FD72-46DC-9341-929DC76E0325}.Debug|x64.Build.0 = Debug|Any CPU
		{C0F3D8FA-FD72-46DC-9341-929DC76E0325}.Debug|x86.ActiveCfg = Debug|Any CPU
		{C0F3D8FA-FD72-46DC-9341-929DC76E0325}.Debug|x86.Build.0 = Debug|Any CPU
		{C0F3D8FA-FD72-46DC-9341-929DC76E0325}.Release|Any CPU.ActiveCfg = Release|Any CPU
		{C0F3D8FA-FD72-46DC-9341-929DC76E0325}.Release|Any CPU.Build.0 = Release|Any CPU
		{C0F3D8FA-FD72-46DC-9341-929DC76E0325}.Release|ARM.ActiveCfg = Release|Any CPU
		{C0F3D8FA-FD72-46DC-9341-929DC76E0325}.Release|ARM.Build.0 = Release|Any CPU
		{C0F3D8FA-FD72-46DC-9341-929DC76E0325}.Release|ARM64.ActiveCfg = Release|Any CPU
		{C0F3D8FA-FD72-46DC-9341-929DC76E0325}.Release|ARM64.Build.0 = Release|Any CPU
		{C0F3D8FA-FD72-46DC-9341-929DC76E0325}.Release|x64.ActiveCfg = Release|Any CPU
		{C0F3D8FA-FD72-46DC-9341-929DC76E0325}.Release|x64.Build.0 = Release|Any CPU
		{C0F3D8FA-FD72-46DC-9341-929DC76E0325}.Release|x86.ActiveCfg = Release|Any CPU
		{C0F3D8FA-FD72-46DC-9341-929DC76E0325}.Release|x86.Build.0 = Release|Any CPU
		{40A55D47-0C35-4585-87DF-3027C1932DB0}.Debug|Any CPU.ActiveCfg = Debug|Any CPU
		{40A55D47-0C35-4585-87DF-3027C1932DB0}.Debug|Any CPU.Build.0 = Debug|Any CPU
		{40A55D47-0C35-4585-87DF-3027C1932DB0}.Debug|ARM.ActiveCfg = Debug|Any CPU
		{40A55D47-0C35-4585-87DF-3027C1932DB0}.Debug|ARM.Build.0 = Debug|Any CPU
		{40A55D47-0C35-4585-87DF-3027C1932DB0}.Debug|ARM64.ActiveCfg = Debug|Any CPU
		{40A55D47-0C35-4585-87DF-3027C1932DB0}.Debug|ARM64.Build.0 = Debug|Any CPU
		{40A55D47-0C35-4585-87DF-3027C1932DB0}.Debug|x64.ActiveCfg = Debug|Any CPU
		{40A55D47-0C35-4585-87DF-3027C1932DB0}.Debug|x64.Build.0 = Debug|Any CPU
		{40A55D47-0C35-4585-87DF-3027C1932DB0}.Debug|x86.ActiveCfg = Debug|Any CPU
		{40A55D47-0C35-4585-87DF-3027C1932DB0}.Debug|x86.Build.0 = Debug|Any CPU
		{40A55D47-0C35-4585-87DF-3027C1932DB0}.Release|Any CPU.ActiveCfg = Release|Any CPU
		{40A55D47-0C35-4585-87DF-3027C1932DB0}.Release|Any CPU.Build.0 = Release|Any CPU
		{40A55D47-0C35-4585-87DF-3027C1932DB0}.Release|ARM.ActiveCfg = Release|Any CPU
		{40A55D47-0C35-4585-87DF-3027C1932DB0}.Release|ARM.Build.0 = Release|Any CPU
		{40A55D47-0C35-4585-87DF-3027C1932DB0}.Release|ARM64.ActiveCfg = Release|Any CPU
		{40A55D47-0C35-4585-87DF-3027C1932DB0}.Release|ARM64.Build.0 = Release|Any CPU
		{40A55D47-0C35-4585-87DF-3027C1932DB0}.Release|x64.ActiveCfg = Release|Any CPU
		{40A55D47-0C35-4585-87DF-3027C1932DB0}.Release|x64.Build.0 = Release|Any CPU
		{40A55D47-0C35-4585-87DF-3027C1932DB0}.Release|x86.ActiveCfg = Release|Any CPU
		{40A55D47-0C35-4585-87DF-3027C1932DB0}.Release|x86.Build.0 = Release|Any CPU
		{2FF51643-60D1-4EC3-8D3E-E45BECA12FF0}.Debug|Any CPU.ActiveCfg = Debug|Any CPU
		{2FF51643-60D1-4EC3-8D3E-E45BECA12FF0}.Debug|Any CPU.Build.0 = Debug|Any CPU
		{2FF51643-60D1-4EC3-8D3E-E45BECA12FF0}.Debug|Any CPU.Deploy.0 = Debug|Any CPU
		{2FF51643-60D1-4EC3-8D3E-E45BECA12FF0}.Debug|ARM.ActiveCfg = Debug|ARM
		{2FF51643-60D1-4EC3-8D3E-E45BECA12FF0}.Debug|ARM.Build.0 = Debug|ARM
		{2FF51643-60D1-4EC3-8D3E-E45BECA12FF0}.Debug|ARM.Deploy.0 = Debug|ARM
		{2FF51643-60D1-4EC3-8D3E-E45BECA12FF0}.Debug|ARM64.ActiveCfg = Debug|ARM64
		{2FF51643-60D1-4EC3-8D3E-E45BECA12FF0}.Debug|ARM64.Build.0 = Debug|ARM64
		{2FF51643-60D1-4EC3-8D3E-E45BECA12FF0}.Debug|ARM64.Deploy.0 = Debug|ARM64
		{2FF51643-60D1-4EC3-8D3E-E45BECA12FF0}.Debug|x64.ActiveCfg = Debug|x64
		{2FF51643-60D1-4EC3-8D3E-E45BECA12FF0}.Debug|x64.Build.0 = Debug|x64
		{2FF51643-60D1-4EC3-8D3E-E45BECA12FF0}.Debug|x64.Deploy.0 = Debug|x64
		{2FF51643-60D1-4EC3-8D3E-E45BECA12FF0}.Debug|x86.ActiveCfg = Debug|x86
		{2FF51643-60D1-4EC3-8D3E-E45BECA12FF0}.Debug|x86.Build.0 = Debug|x86
		{2FF51643-60D1-4EC3-8D3E-E45BECA12FF0}.Debug|x86.Deploy.0 = Debug|x86
		{2FF51643-60D1-4EC3-8D3E-E45BECA12FF0}.Release|Any CPU.ActiveCfg = Release|Any CPU
		{2FF51643-60D1-4EC3-8D3E-E45BECA12FF0}.Release|Any CPU.Build.0 = Release|Any CPU
		{2FF51643-60D1-4EC3-8D3E-E45BECA12FF0}.Release|Any CPU.Deploy.0 = Release|Any CPU
		{2FF51643-60D1-4EC3-8D3E-E45BECA12FF0}.Release|ARM.ActiveCfg = Release|ARM
		{2FF51643-60D1-4EC3-8D3E-E45BECA12FF0}.Release|ARM.Build.0 = Release|ARM
		{2FF51643-60D1-4EC3-8D3E-E45BECA12FF0}.Release|ARM.Deploy.0 = Release|ARM
		{2FF51643-60D1-4EC3-8D3E-E45BECA12FF0}.Release|ARM64.ActiveCfg = Release|ARM64
		{2FF51643-60D1-4EC3-8D3E-E45BECA12FF0}.Release|ARM64.Build.0 = Release|ARM64
		{2FF51643-60D1-4EC3-8D3E-E45BECA12FF0}.Release|ARM64.Deploy.0 = Release|ARM64
		{2FF51643-60D1-4EC3-8D3E-E45BECA12FF0}.Release|x64.ActiveCfg = Release|x64
		{2FF51643-60D1-4EC3-8D3E-E45BECA12FF0}.Release|x64.Build.0 = Release|x64
		{2FF51643-60D1-4EC3-8D3E-E45BECA12FF0}.Release|x64.Deploy.0 = Release|x64
		{2FF51643-60D1-4EC3-8D3E-E45BECA12FF0}.Release|x86.ActiveCfg = Release|x86
		{2FF51643-60D1-4EC3-8D3E-E45BECA12FF0}.Release|x86.Build.0 = Release|x86
		{2FF51643-60D1-4EC3-8D3E-E45BECA12FF0}.Release|x86.Deploy.0 = Release|x86
	EndGlobalSection
	GlobalSection(SolutionProperties) = preSolution
		HideSolutionNode = FALSE
	EndGlobalSection
	GlobalSection(ExtensibilityGlobals) = postSolution
		SolutionGuid = {42EF404D-098A-4FA3-B28F-E65E8A18F62B}
	EndGlobalSection
EndGlobal
