
Microsoft Visual Studio Solution File, Format Version 12.00
# Visual Studio Version 17
VisualStudioVersion = 17.13.35825.156
MinimumVisualStudioVersion = 10.0.40219.1
Project("{FAE04EC0-301F-11D3-BF4B-00C04F79EFBC}") = "Mams", "Mams.csproj", "{C0F3D8FA-FD72-46DC-9341-929DC76E0325}"
EndProject
Project("{54435603-DBB4-11D2-8724-00A0C9A8B90C}") = "Mams_Installer", "..\Mams_Installer\Mams_Installer.vdproj", "{5DFF34E5-DADC-E021-5D8E-04F32333D98D}"
EndProject
Global
	GlobalSection(SolutionConfigurationPlatforms) = preSolution
		Debug|Any CPU = Debug|Any CPU
		Release|Any CPU = Release|Any CPU
	EndGlobalSection
	GlobalSection(ProjectConfigurationPlatforms) = postSolution
		{C0F3D8FA-FD72-46DC-9341-929DC76E0325}.Debug|Any CPU.ActiveCfg = Debug|Any CPU
		{C0F3D8FA-FD72-46DC-9341-929DC76E0325}.Debug|Any CPU.Build.0 = Debug|Any CPU
		{C0F3D8FA-FD72-46DC-9341-929DC76E0325}.Release|Any CPU.ActiveCfg = Release|Any CPU
		{C0F3D8FA-FD72-46DC-9341-929DC76E0325}.Release|Any CPU.Build.0 = Release|Any CPU
		{5DFF34E5-DADC-E021-5D8E-04F32333D98D}.Debug|Any CPU.ActiveCfg = Debug
		{5DFF34E5-DADC-E021-5D8E-04F32333D98D}.Release|Any CPU.ActiveCfg = Release
	EndGlobalSection
	GlobalSection(SolutionProperties) = preSolution
		HideSolutionNode = FALSE
	EndGlobalSection
	GlobalSection(ExtensibilityGlobals) = postSolution
		SolutionGuid = {42EF404D-098A-4FA3-B28F-E65E8A18F62B}
	EndGlobalSection
EndGlobal
